
Microsoft Visual Studio Solution File, Format Version 12.00
# Visual Studio 14
VisualStudioVersion = 14.0.25420.1
MinimumVisualStudioVersion = 10.0.40219.1
Project("{2150E333-8FDC-42A3-9474-1A3956D46DE8}") = "src", "src", "{EC19698D-AA85-4066-ADA1-136021ADA93D}"
EndProject
Project("{2150E333-8FDC-42A3-9474-1A3956D46DE8}") = "test", "test", "{6789A41B-6F3C-4962-A84C-BAA5CBE4EC9B}"
EndProject
Project("{2150E333-8FDC-42A3-9474-1A3956D46DE8}") = "Solution Items", "Solution Items", "{DA4E1032-4EAE-41AC-A4DC-F34C88968B51}"
	ProjectSection(SolutionItems) = preProject
		global.json = global.json
	EndProjectSection
EndProject
Project("{8BB2217D-0F2D-49D1-97BC-3654ED321F3B}") = "AutoBuilder", "src\AutoBuilder\AutoBuilder.xproj", "{ECFB4CBB-74CB-4C93-9606-9F1C2FCFC29B}"
EndProject
Project("{8BB2217D-0F2D-49D1-97BC-3654ED321F3B}") = "AutoBuilder.UnitTest", "test\AutoBuilder.UnitTest\AutoBuilder.UnitTest.xproj", "{3BE58067-4817-4B36-B3D9-929B0641F82F}"
EndProject
Global
	GlobalSection(SolutionConfigurationPlatforms) = preSolution
		Debug|Any CPU = Debug|Any CPU
		Release|Any CPU = Release|Any CPU
	EndGlobalSection
	GlobalSection(ProjectConfigurationPlatforms) = postSolution
		{ECFB4CBB-74CB-4C93-9606-9F1C2FCFC29B}.Debug|Any CPU.ActiveCfg = Debug|Any CPU
		{ECFB4CBB-74CB-4C93-9606-9F1C2FCFC29B}.Debug|Any CPU.Build.0 = Debug|Any CPU
		{ECFB4CBB-74CB-4C93-9606-9F1C2FCFC29B}.Release|Any CPU.ActiveCfg = Release|Any CPU
		{ECFB4CBB-74CB-4C93-9606-9F1C2FCFC29B}.Release|Any CPU.Build.0 = Release|Any CPU
		{3BE58067-4817-4B36-B3D9-929B0641F82F}.Debug|Any CPU.ActiveCfg = Debug|Any CPU
		{3BE58067-4817-4B36-B3D9-929B0641F82F}.Debug|Any CPU.Build.0 = Debug|Any CPU
		{3BE58067-4817-4B36-B3D9-929B0641F82F}.Release|Any CPU.ActiveCfg = Release|Any CPU
		{3BE58067-4817-4B36-B3D9-929B0641F82F}.Release|Any CPU.Build.0 = Release|Any CPU
	EndGlobalSection
	GlobalSection(SolutionProperties) = preSolution
		HideSolutionNode = FALSE
	EndGlobalSection
	GlobalSection(NestedProjects) = preSolution
		{ECFB4CBB-74CB-4C93-9606-9F1C2FCFC29B} = {EC19698D-AA85-4066-ADA1-136021ADA93D}
		{3BE58067-4817-4B36-B3D9-929B0641F82F} = {6789A41B-6F3C-4962-A84C-BAA5CBE4EC9B}
	EndGlobalSection
EndGlobal
